
Microsoft Visual Studio Solution File, Format Version 12.00
# Visual Studio Version 17
VisualStudioVersion = 17.5.33530.505
MinimumVisualStudioVersion = 10.0.40219.1
Project("{2150E333-8FDC-42A3-9474-1A3956D46DE8}") = "1.Infrastructure", "1.Infrastructure", "{A03715A8-E487-43BC-A84B-DD4B9711A968}"
EndProject
Project("{2150E333-8FDC-42A3-9474-1A3956D46DE8}") = "1.1.CrossCutting", "1.1.CrossCutting", "{45F821B3-E01F-4894-A17C-A75C52576B73}"
EndProject
Project("{2150E333-8FDC-42A3-9474-1A3956D46DE8}") = "1.2.Data", "1.2.Data", "{8D44E898-75AD-469A-B04C-CE1A7B313703}"
EndProject
Project("{2150E333-8FDC-42A3-9474-1A3956D46DE8}") = "2.Domain", "2.Domain", "{27015718-0CE4-4E14-B55D-6629790F8B2A}"
EndProject
Project("{2150E333-8FDC-42A3-9474-1A3956D46DE8}") = "3.Application", "3.Application", "{1F42A98E-0071-458F-B4F3-238B8EAB0090}"
EndProject
Project("{2150E333-8FDC-42A3-9474-1A3956D46DE8}") = "4.Service", "4.Service", "{77F4B140-1376-42B2-8214-528E63DB7448}"
EndProject
Project("{9A19103F-16F7-4668-BE54-9A1E7A4F7556}") = "TEKTON.Infrastructure.Crosscutting", "TEKTON.Infrastructure.Crosscutting\TEKTON.Infrastructure.Crosscutting.csproj", "{3273587E-B7C2-4A14-AC66-394B3AFF267D}"
EndProject
Project("{9A19103F-16F7-4668-BE54-9A1E7A4F7556}") = "TEKTON.Infrastructure.Data", "TEKTON.Infrastructure.Data\TEKTON.Infrastructure.Data.csproj", "{C2246D67-D380-47E3-A75F-5DF2AF22D999}"
EndProject
Project("{9A19103F-16F7-4668-BE54-9A1E7A4F7556}") = "TEKTON.Domain", "TEKTON.Domain\TEKTON.Domain.csproj", "{63F60C28-6C85-4114-849D-D2E4FF6F669E}"
EndProject
Project("{9A19103F-16F7-4668-BE54-9A1E7A4F7556}") = "TEKTON.Application", "TEKTON.Application\TEKTON.Application.csproj", "{6DCBC01B-EC9E-4EE8-8EF8-5E982F7904EA}"
EndProject
Project("{9A19103F-16F7-4668-BE54-9A1E7A4F7556}") = "TEKTON.Service.SeedWork", "TEKTON.Service.SeedWork\TEKTON.Service.SeedWork.csproj", "{5D03FD21-1406-4B9D-BFA2-55F42A600AEC}"
EndProject
Project("{9A19103F-16F7-4668-BE54-9A1E7A4F7556}") = "TEKTON.Service.Web.API", "TEKTON.Service.Web.API\TEKTON.Service.Web.API.csproj", "{8303B89B-3191-4488-AAC6-BCBE7B425060}"
EndProject
Project("{FAE04EC0-301F-11D3-BF4B-00C04F79EFBC}") = "TEKTON.Service.Web.API.Descuentos", "TEKTON.Service.Web.API.Descuentos\TEKTON.Service.Web.API.Descuentos.csproj", "{64651485-9B7F-4EAC-B51B-D393F16F595B}"
EndProject
Global
	GlobalSection(SolutionConfigurationPlatforms) = preSolution
		Debug|Any CPU = Debug|Any CPU
		Release|Any CPU = Release|Any CPU
	EndGlobalSection
	GlobalSection(ProjectConfigurationPlatforms) = postSolution
		{3273587E-B7C2-4A14-AC66-394B3AFF267D}.Debug|Any CPU.ActiveCfg = Debug|Any CPU
		{3273587E-B7C2-4A14-AC66-394B3AFF267D}.Debug|Any CPU.Build.0 = Debug|Any CPU
		{3273587E-B7C2-4A14-AC66-394B3AFF267D}.Release|Any CPU.ActiveCfg = Release|Any CPU
		{3273587E-B7C2-4A14-AC66-394B3AFF267D}.Release|Any CPU.Build.0 = Release|Any CPU
		{C2246D67-D380-47E3-A75F-5DF2AF22D999}.Debug|Any CPU.ActiveCfg = Debug|Any CPU
		{C2246D67-D380-47E3-A75F-5DF2AF22D999}.Debug|Any CPU.Build.0 = Debug|Any CPU
		{C2246D67-D380-47E3-A75F-5DF2AF22D999}.Release|Any CPU.ActiveCfg = Release|Any CPU
		{C2246D67-D380-47E3-A75F-5DF2AF22D999}.Release|Any CPU.Build.0 = Release|Any CPU
		{63F60C28-6C85-4114-849D-D2E4FF6F669E}.Debug|Any CPU.ActiveCfg = Debug|Any CPU
		{63F60C28-6C85-4114-849D-D2E4FF6F669E}.Debug|Any CPU.Build.0 = Debug|Any CPU
		{63F60C28-6C85-4114-849D-D2E4FF6F669E}.Release|Any CPU.ActiveCfg = Release|Any CPU
		{63F60C28-6C85-4114-849D-D2E4FF6F669E}.Release|Any CPU.Build.0 = Release|Any CPU
		{6DCBC01B-EC9E-4EE8-8EF8-5E982F7904EA}.Debug|Any CPU.ActiveCfg = Debug|Any CPU
		{6DCBC01B-EC9E-4EE8-8EF8-5E982F7904EA}.Debug|Any CPU.Build.0 = Debug|Any CPU
		{6DCBC01B-EC9E-4EE8-8EF8-5E982F7904EA}.Release|Any CPU.ActiveCfg = Release|Any CPU
		{6DCBC01B-EC9E-4EE8-8EF8-5E982F7904EA}.Release|Any CPU.Build.0 = Release|Any CPU
		{5D03FD21-1406-4B9D-BFA2-55F42A600AEC}.Debug|Any CPU.ActiveCfg = Debug|Any CPU
		{5D03FD21-1406-4B9D-BFA2-55F42A600AEC}.Debug|Any CPU.Build.0 = Debug|Any CPU
		{5D03FD21-1406-4B9D-BFA2-55F42A600AEC}.Release|Any CPU.ActiveCfg = Release|Any CPU
		{5D03FD21-1406-4B9D-BFA2-55F42A600AEC}.Release|Any CPU.Build.0 = Release|Any CPU
		{8303B89B-3191-4488-AAC6-BCBE7B425060}.Debug|Any CPU.ActiveCfg = Debug|Any CPU
		{8303B89B-3191-4488-AAC6-BCBE7B425060}.Debug|Any CPU.Build.0 = Debug|Any CPU
		{8303B89B-3191-4488-AAC6-BCBE7B425060}.Release|Any CPU.ActiveCfg = Release|Any CPU
		{8303B89B-3191-4488-AAC6-BCBE7B425060}.Release|Any CPU.Build.0 = Release|Any CPU
		{64651485-9B7F-4EAC-B51B-D393F16F595B}.Debug|Any CPU.ActiveCfg = Debug|Any CPU
		{64651485-9B7F-4EAC-B51B-D393F16F595B}.Debug|Any CPU.Build.0 = Debug|Any CPU
		{64651485-9B7F-4EAC-B51B-D393F16F595B}.Release|Any CPU.ActiveCfg = Release|Any CPU
		{64651485-9B7F-4EAC-B51B-D393F16F595B}.Release|Any CPU.Build.0 = Release|Any CPU
	EndGlobalSection
	GlobalSection(SolutionProperties) = preSolution
		HideSolutionNode = FALSE
	EndGlobalSection
	GlobalSection(NestedProjects) = preSolution
		{45F821B3-E01F-4894-A17C-A75C52576B73} = {A03715A8-E487-43BC-A84B-DD4B9711A968}
		{8D44E898-75AD-469A-B04C-CE1A7B313703} = {A03715A8-E487-43BC-A84B-DD4B9711A968}
		{3273587E-B7C2-4A14-AC66-394B3AFF267D} = {45F821B3-E01F-4894-A17C-A75C52576B73}
		{C2246D67-D380-47E3-A75F-5DF2AF22D999} = {8D44E898-75AD-469A-B04C-CE1A7B313703}
		{63F60C28-6C85-4114-849D-D2E4FF6F669E} = {27015718-0CE4-4E14-B55D-6629790F8B2A}
		{6DCBC01B-EC9E-4EE8-8EF8-5E982F7904EA} = {1F42A98E-0071-458F-B4F3-238B8EAB0090}
		{5D03FD21-1406-4B9D-BFA2-55F42A600AEC} = {77F4B140-1376-42B2-8214-528E63DB7448}
		{8303B89B-3191-4488-AAC6-BCBE7B425060} = {77F4B140-1376-42B2-8214-528E63DB7448}
		{64651485-9B7F-4EAC-B51B-D393F16F595B} = {77F4B140-1376-42B2-8214-528E63DB7448}
	EndGlobalSection
	GlobalSection(ExtensibilityGlobals) = postSolution
		SolutionGuid = {3696E438-ED40-430F-A8EF-729007AC30AA}
	EndGlobalSection
EndGlobal
